
Microsoft Visual Studio Solution File, Format Version 12.00
# Visual Studio 15
VisualStudioVersion = 15.0.27703.2035
MinimumVisualStudioVersion = 10.0.40219.1
Project("{FAE04EC0-301F-11D3-BF4B-00C04F79EFBC}") = "TD02", "WpfApp1\TD02.csproj", "{FA88F546-0F1E-4A20-AEF2-5C2FF89BB268}"
EndProject
Global
	GlobalSection(SolutionConfigurationPlatforms) = preSolution
		Debug|Any CPU = Debug|Any CPU
		Release|Any CPU = Release|Any CPU
	EndGlobalSection
	GlobalSection(ProjectConfigurationPlatforms) = postSolution
		{FA88F546-0F1E-4A20-AEF2-5C2FF89BB268}.Debug|Any CPU.ActiveCfg = Debug|Any CPU
		{FA88F546-0F1E-4A20-AEF2-5C2FF89BB268}.Debug|Any CPU.Build.0 = Debug|Any CPU
		{FA88F546-0F1E-4A20-AEF2-5C2FF89BB268}.Release|Any CPU.ActiveCfg = Release|Any CPU
		{FA88F546-0F1E-4A20-AEF2-5C2FF89BB268}.Release|Any CPU.Build.0 = Release|Any CPU
	EndGlobalSection
	GlobalSection(SolutionProperties) = preSolution
		HideSolutionNode = FALSE
	EndGlobalSection
	GlobalSection(ExtensibilityGlobals) = postSolution
		SolutionGuid = {329483AB-9D51-48B9-998C-E44AA4DC0061}
	EndGlobalSection
EndGlobal
